
Microsoft Visual Studio Solution File, Format Version 12.00
# Visual Studio Version 17
VisualStudioVersion = 17.8.34330.188
MinimumVisualStudioVersion = 10.0.40219.1
Project("{9A19103F-16F7-4668-BE54-9A1E7A4F7556}") = "PersonDetector", "PersonDetector.csproj", "{8E32C176-A2AC-46ED-AF7C-EB1D0411CB7D}"
EndProject
Global
	GlobalSection(SolutionConfigurationPlatforms) = preSolution
		Debug|Any CPU = Debug|Any CPU
		Release|Any CPU = Release|Any CPU
	EndGlobalSection
	GlobalSection(ProjectConfigurationPlatforms) = postSolution
		{8E32C176-A2AC-46ED-AF7C-EB1D0411CB7D}.Debug|Any CPU.ActiveCfg = Debug|Any CPU
		{8E32C176-A2AC-46ED-AF7C-EB1D0411CB7D}.Debug|Any CPU.Build.0 = Debug|Any CPU
		{8E32C176-A2AC-46ED-AF7C-EB1D0411CB7D}.Release|Any CPU.ActiveCfg = Release|Any CPU
		{8E32C176-A2AC-46ED-AF7C-EB1D0411CB7D}.Release|Any CPU.Build.0 = Release|Any CPU
	EndGlobalSection
	GlobalSection(SolutionProperties) = preSolution
		HideSolutionNode = FALSE
	EndGlobalSection
	GlobalSection(ExtensibilityGlobals) = postSolution
		SolutionGuid = {5796F4C8-09D5-4AD2-9CAC-B376C5F80D72}
	EndGlobalSection
EndGlobal
